
Microsoft Visual Studio Solution File, Format Version 12.00
# Visual Studio Version 16
VisualStudioVersion = 16.0.30717.126
MinimumVisualStudioVersion = 10.0.40219.1
Project("{B959F5BA-3685-42A0-A333-8A036D4B8C2C}") = "RelativityAzureOcr", "RelativityAzureOcr\RelativityAzureOcr.csproj", "{EAC80213-2702-4727-BE8A-F50940AC173D}"
EndProject
Global
	GlobalSection(SolutionConfigurationPlatforms) = preSolution
		Debug|Any CPU = Debug|Any CPU
		Release|Any CPU = Release|Any CPU
	EndGlobalSection
	GlobalSection(ProjectConfigurationPlatforms) = postSolution
		{EAC80213-2702-4727-BE8A-F50940AC173D}.Debug|Any CPU.ActiveCfg = Debug|Any CPU
		{EAC80213-2702-4727-BE8A-F50940AC173D}.Debug|Any CPU.Build.0 = Debug|Any CPU
		{EAC80213-2702-4727-BE8A-F50940AC173D}.Release|Any CPU.ActiveCfg = Release|Any CPU
		{EAC80213-2702-4727-BE8A-F50940AC173D}.Release|Any CPU.Build.0 = Release|Any CPU
	EndGlobalSection
	GlobalSection(SolutionProperties) = preSolution
		HideSolutionNode = FALSE
	EndGlobalSection
	GlobalSection(ExtensibilityGlobals) = postSolution
		SolutionGuid = {DF9959EB-D671-4768-8A35-92108F6A1981}
	EndGlobalSection
EndGlobal
